Microsoft Visual Studio Solution File, Format Version 12.00
# Visual Studio Version 17
VisualStudioVersion = 17.5.2.0
MinimumVisualStudioVersion = 10.0.40219.1
Project("{2150E333-8FDC-42A3-9474-1A3956D46DE8}") = "backend", "backend", "{1AE8ACA6-933B-BF2A-3671-3E2EAC007D16}"
EndProject
Project("{FAE04EC0-301F-11D3-BF4B-00C04F79EFBC}") = "Shared", "backend\shared\Shared.csproj", "{8201B717-1D5B-63B2-7878-1132C95D9E40}"
EndProject
Project("{2150E333-8FDC-42A3-9474-1A3956D46DE8}") = "services", "services", "{3C755975-A7BD-44BC-C8F9-5B13F14529BF}"
EndProject
Project("{2150E333-8FDC-42A3-9474-1A3956D46DE8}") = "notification-service", "notification-service", "{4A38CA41-D178-5ADC-C827-A54472F13724}"
EndProject
Project("{2150E333-8FDC-42A3-9474-1A3956D46DE8}") = "src", "src", "{CC935829-0DD6-204C-ECEE-1E1306D2D4E1}"
EndProject
Project("{FAE04EC0-301F-11D3-BF4B-00C04F79EFBC}") = "notification-service", "backend\services\notification-service\src\notification-service.csproj", "{A22BA282-1344-F1A0-5F71-8CEF0777B04E}"
EndProject
Project("{2150E333-8FDC-42A3-9474-1A3956D46DE8}") = "chat-service", "chat-service", "{5D210097-B2A4-9480-E916-CE6003981F30}"
EndProject
Project("{2150E333-8FDC-42A3-9474-1A3956D46DE8}") = "src", "src", "{6E4B4D2C-863D-0027-243B-B2EABC943844}"
EndProject
Project("{FAE04EC0-301F-11D3-BF4B-00C04F79EFBC}") = "chat-service", "backend\services\chat-service\src\chat-service.csproj", "{FDA61062-4954-B14B-BA64-009A8B0621F4}"
EndProject
Project("{2150E333-8FDC-42A3-9474-1A3956D46DE8}") = "call-service", "call-service", "{30DE5A84-776F-1AC5-3676-8DDA4FC9BA4B}"
EndProject
Project("{2150E333-8FDC-42A3-9474-1A3956D46DE8}") = "src", "src", "{6A6B1C57-9F54-F633-CA2D-34D899CBA269}"
EndProject
Project("{FAE04EC0-301F-11D3-BF4B-00C04F79EFBC}") = "call-service", "backend\services\call-service\src\call-service.csproj", "{2AE78A0E-336B-BB79-5107-05C31CB67D5B}"
EndProject
Project("{2150E333-8FDC-42A3-9474-1A3956D46DE8}") = "user-service", "user-service", "{A60AC5D5-37EA-299F-EEA3-F166A89A979E}"
EndProject
Project("{2150E333-8FDC-42A3-9474-1A3956D46DE8}") = "src", "src", "{0B7D74EB-ECAA-21A8-A807-5542E516F400}"
EndProject
Project("{FAE04EC0-301F-11D3-BF4B-00C04F79EFBC}") = "user-service", "backend\services\user-service\src\user-service.csproj", "{928FC697-87BC-EE72-6BD1-D8D1AFF842A4}"
EndProject
Project("{2150E333-8FDC-42A3-9474-1A3956D46DE8}") = "group-service", "group-service", "{89CB9F9F-6C45-20D3-226F-E3A63CE51580}"
EndProject
Project("{2150E333-8FDC-42A3-9474-1A3956D46DE8}") = "src", "src", "{A285FF93-AB85-064F-E4E6-1980C02483E7}"
EndProject
Project("{FAE04EC0-301F-11D3-BF4B-00C04F79EFBC}") = "group-service", "backend\services\group-service\src\group-service.csproj", "{328503DA-156F-F578-662D-C8699F8A7DC3}"
EndProject
Project("{2150E333-8FDC-42A3-9474-1A3956D46DE8}") = "presence-service", "presence-service", "{030A6329-A2E2-6350-4D0F-7AFB4259AE90}"
EndProject
Project("{2150E333-8FDC-42A3-9474-1A3956D46DE8}") = "src", "src", "{8564F238-72D6-CC43-F820-B5BDE9C30837}"
EndProject
Project("{FAE04EC0-301F-11D3-BF4B-00C04F79EFBC}") = "presence-service", "backend\services\presence-service\src\presence-service.csproj", "{D5286949-3AE2-C112-5B42-C8030F76A2BE}"
EndProject
Project("{2150E333-8FDC-42A3-9474-1A3956D46DE8}") = "media-service", "media-service", "{DB1C095A-4ED5-9D13-DCF8-C678F2A49D13}"
EndProject
Project("{2150E333-8FDC-42A3-9474-1A3956D46DE8}") = "src", "src", "{9254CAE1-CAC5-FE8D-D397-FF18F6346171}"
EndProject
Project("{FAE04EC0-301F-11D3-BF4B-00C04F79EFBC}") = "media-service", "backend\services\media-service\src\media-service.csproj", "{7C57B341-0CE0-41C0-14C3-65543CB695BB}"
EndProject
Project("{2150E333-8FDC-42A3-9474-1A3956D46DE8}") = "auth-service", "auth-service", "{8EA75AFF-5EC5-DE94-52DE-9C1BECBCB033}"
EndProject
Project("{2150E333-8FDC-42A3-9474-1A3956D46DE8}") = "src", "src", "{C05925E5-9501-3749-4354-8BCD0F8CE775}"
EndProject
Project("{FAE04EC0-301F-11D3-BF4B-00C04F79EFBC}") = "auth-service", "backend\services\auth-service\src\auth-service.csproj", "{32B68FC8-9544-8C75-E8BB-36B32BBB328B}"
EndProject
Project("{2150E333-8FDC-42A3-9474-1A3956D46DE8}") = "gateway-api", "gateway-api", "{9A57A448-5B0D-2664-EF7C-316B14807C36}"
EndProject
Project("{2150E333-8FDC-42A3-9474-1A3956D46DE8}") = "src", "src", "{37229158-EBC1-1511-05BA-45EBD630BCD4}"
EndProject
Project("{FAE04EC0-301F-11D3-BF4B-00C04F79EFBC}") = "gateway-api", "backend\services\gateway-api\src\gateway-api.csproj", "{1726A91B-72D5-62B9-921E-15B63524D6D4}"
EndProject
Global
	GlobalSection(SolutionConfigurationPlatforms) = preSolution
		Debug|Any CPU = Debug|Any CPU
		Release|Any CPU = Release|Any CPU
	EndGlobalSection
	GlobalSection(ProjectConfigurationPlatforms) = postSolution
		{8201B717-1D5B-63B2-7878-1132C95D9E40}.Debug|Any CPU.ActiveCfg = Debug|Any CPU
		{8201B717-1D5B-63B2-7878-1132C95D9E40}.Debug|Any CPU.Build.0 = Debug|Any CPU
		{8201B717-1D5B-63B2-7878-1132C95D9E40}.Release|Any CPU.ActiveCfg = Release|Any CPU
		{8201B717-1D5B-63B2-7878-1132C95D9E40}.Release|Any CPU.Build.0 = Release|Any CPU
		{A22BA282-1344-F1A0-5F71-8CEF0777B04E}.Debug|Any CPU.ActiveCfg = Debug|Any CPU
		{A22BA282-1344-F1A0-5F71-8CEF0777B04E}.Debug|Any CPU.Build.0 = Debug|Any CPU
		{A22BA282-1344-F1A0-5F71-8CEF0777B04E}.Release|Any CPU.ActiveCfg = Release|Any CPU
		{A22BA282-1344-F1A0-5F71-8CEF0777B04E}.Release|Any CPU.Build.0 = Release|Any CPU
		{FDA61062-4954-B14B-BA64-009A8B0621F4}.Debug|Any CPU.ActiveCfg = Debug|Any CPU
		{FDA61062-4954-B14B-BA64-009A8B0621F4}.Debug|Any CPU.Build.0 = Debug|Any CPU
		{FDA61062-4954-B14B-BA64-009A8B0621F4}.Release|Any CPU.ActiveCfg = Release|Any CPU
		{FDA61062-4954-B14B-BA64-009A8B0621F4}.Release|Any CPU.Build.0 = Release|Any CPU
		{2AE78A0E-336B-BB79-5107-05C31CB67D5B}.Debug|Any CPU.ActiveCfg = Debug|Any CPU
		{2AE78A0E-336B-BB79-5107-05C31CB67D5B}.Debug|Any CPU.Build.0 = Debug|Any CPU
		{2AE78A0E-336B-BB79-5107-05C31CB67D5B}.Release|Any CPU.ActiveCfg = Release|Any CPU
		{2AE78A0E-336B-BB79-5107-05C31CB67D5B}.Release|Any CPU.Build.0 = Release|Any CPU
		{928FC697-87BC-EE72-6BD1-D8D1AFF842A4}.Debug|Any CPU.ActiveCfg = Debug|Any CPU
		{928FC697-87BC-EE72-6BD1-D8D1AFF842A4}.Debug|Any CPU.Build.0 = Debug|Any CPU
		{928FC697-87BC-EE72-6BD1-D8D1AFF842A4}.Release|Any CPU.ActiveCfg = Release|Any CPU
		{928FC697-87BC-EE72-6BD1-D8D1AFF842A4}.Release|Any CPU.Build.0 = Release|Any CPU
		{328503DA-156F-F578-662D-C8699F8A7DC3}.Debug|Any CPU.ActiveCfg = Debug|Any CPU
		{328503DA-156F-F578-662D-C8699F8A7DC3}.Debug|Any CPU.Build.0 = Debug|Any CPU
		{328503DA-156F-F578-662D-C8699F8A7DC3}.Release|Any CPU.ActiveCfg = Release|Any CPU
		{328503DA-156F-F578-662D-C8699F8A7DC3}.Release|Any CPU.Build.0 = Release|Any CPU
		{D5286949-3AE2-C112-5B42-C8030F76A2BE}.Debug|Any CPU.ActiveCfg = Debug|Any CPU
		{D5286949-3AE2-C112-5B42-C8030F76A2BE}.Debug|Any CPU.Build.0 = Debug|Any CPU
		{D5286949-3AE2-C112-5B42-C8030F76A2BE}.Release|Any CPU.ActiveCfg = Release|Any CPU
		{D5286949-3AE2-C112-5B42-C8030F76A2BE}.Release|Any CPU.Build.0 = Release|Any CPU
		{7C57B341-0CE0-41C0-14C3-65543CB695BB}.Debug|Any CPU.ActiveCfg = Debug|Any CPU
		{7C57B341-0CE0-41C0-14C3-65543CB695BB}.Debug|Any CPU.Build.0 = Debug|Any CPU
		{7C57B341-0CE0-41C0-14C3-65543CB695BB}.Release|Any CPU.ActiveCfg = Release|Any CPU
		{7C57B341-0CE0-41C0-14C3-65543CB695BB}.Release|Any CPU.Build.0 = Release|Any CPU
		{32B68FC8-9544-8C75-E8BB-36B32BBB328B}.Debug|Any CPU.ActiveCfg = Debug|Any CPU
		{32B68FC8-9544-8C75-E8BB-36B32BBB328B}.Debug|Any CPU.Build.0 = Debug|Any CPU
		{32B68FC8-9544-8C75-E8BB-36B32BBB328B}.Release|Any CPU.ActiveCfg = Release|Any CPU
		{32B68FC8-9544-8C75-E8BB-36B32BBB328B}.Release|Any CPU.Build.0 = Release|Any CPU
		{1726A91B-72D5-62B9-921E-15B63524D6D4}.Debug|Any CPU.ActiveCfg = Debug|Any CPU
		{1726A91B-72D5-62B9-921E-15B63524D6D4}.Debug|Any CPU.Build.0 = Debug|Any CPU
		{1726A91B-72D5-62B9-921E-15B63524D6D4}.Release|Any CPU.ActiveCfg = Release|Any CPU
		{1726A91B-72D5-62B9-921E-15B63524D6D4}.Release|Any CPU.Build.0 = Release|Any CPU
	EndGlobalSection
	GlobalSection(SolutionProperties) = preSolution
		HideSolutionNode = FALSE
	EndGlobalSection
	GlobalSection(NestedProjects) = preSolution
		{8201B717-1D5B-63B2-7878-1132C95D9E40} = {1AE8ACA6-933B-BF2A-3671-3E2EAC007D16}
		{3C755975-A7BD-44BC-C8F9-5B13F14529BF} = {1AE8ACA6-933B-BF2A-3671-3E2EAC007D16}
		{4A38CA41-D178-5ADC-C827-A54472F13724} = {3C755975-A7BD-44BC-C8F9-5B13F14529BF}
		{CC935829-0DD6-204C-ECEE-1E1306D2D4E1} = {4A38CA41-D178-5ADC-C827-A54472F13724}
		{A22BA282-1344-F1A0-5F71-8CEF0777B04E} = {CC935829-0DD6-204C-ECEE-1E1306D2D4E1}
		{5D210097-B2A4-9480-E916-CE6003981F30} = {3C755975-A7BD-44BC-C8F9-5B13F14529BF}
		{6E4B4D2C-863D-0027-243B-B2EABC943844} = {5D210097-B2A4-9480-E916-CE6003981F30}
		{FDA61062-4954-B14B-BA64-009A8B0621F4} = {6E4B4D2C-863D-0027-243B-B2EABC943844}
		{30DE5A84-776F-1AC5-3676-8DDA4FC9BA4B} = {3C755975-A7BD-44BC-C8F9-5B13F14529BF}
		{6A6B1C57-9F54-F633-CA2D-34D899CBA269} = {30DE5A84-776F-1AC5-3676-8DDA4FC9BA4B}
		{2AE78A0E-336B-BB79-5107-05C31CB67D5B} = {6A6B1C57-9F54-F633-CA2D-34D899CBA269}
		{A60AC5D5-37EA-299F-EEA3-F166A89A979E} = {3C755975-A7BD-44BC-C8F9-5B13F14529BF}
		{0B7D74EB-ECAA-21A8-A807-5542E516F400} = {A60AC5D5-37EA-299F-EEA3-F166A89A979E}
		{928FC697-87BC-EE72-6BD1-D8D1AFF842A4} = {0B7D74EB-ECAA-21A8-A807-5542E516F400}
		{89CB9F9F-6C45-20D3-226F-E3A63CE51580} = {3C755975-A7BD-44BC-C8F9-5B13F14529BF}
		{A285FF93-AB85-064F-E4E6-1980C02483E7} = {89CB9F9F-6C45-20D3-226F-E3A63CE51580}
		{328503DA-156F-F578-662D-C8699F8A7DC3} = {A285FF93-AB85-064F-E4E6-1980C02483E7}
		{030A6329-A2E2-6350-4D0F-7AFB4259AE90} = {3C755975-A7BD-44BC-C8F9-5B13F14529BF}
		{8564F238-72D6-CC43-F820-B5BDE9C30837} = {030A6329-A2E2-6350-4D0F-7AFB4259AE90}
		{D5286949-3AE2-C112-5B42-C8030F76A2BE} = {8564F238-72D6-CC43-F820-B5BDE9C30837}
		{DB1C095A-4ED5-9D13-DCF8-C678F2A49D13} = {3C755975-A7BD-44BC-C8F9-5B13F14529BF}
		{9254CAE1-CAC5-FE8D-D397-FF18F6346171} = {DB1C095A-4ED5-9D13-DCF8-C678F2A49D13}
		{7C57B341-0CE0-41C0-14C3-65543CB695BB} = {9254CAE1-CAC5-FE8D-D397-FF18F6346171}
		{8EA75AFF-5EC5-DE94-52DE-9C1BECBCB033} = {3C755975-A7BD-44BC-C8F9-5B13F14529BF}
		{C05925E5-9501-3749-4354-8BCD0F8CE775} = {8EA75AFF-5EC5-DE94-52DE-9C1BECBCB033}
		{32B68FC8-9544-8C75-E8BB-36B32BBB328B} = {C05925E5-9501-3749-4354-8BCD0F8CE775}
		{9A57A448-5B0D-2664-EF7C-316B14807C36} = {3C755975-A7BD-44BC-C8F9-5B13F14529BF}
		{37229158-EBC1-1511-05BA-45EBD630BCD4} = {9A57A448-5B0D-2664-EF7C-316B14807C36}
		{1726A91B-72D5-62B9-921E-15B63524D6D4} = {37229158-EBC1-1511-05BA-45EBD630BCD4}
	EndGlobalSection
	GlobalSection(ExtensibilityGlobals) = postSolution
		SolutionGuid = {2551EB44-ADD0-4271-B3E7-1848A64EEA49}
	EndGlobalSection
EndGlobal
